// !$*UTF8*$!
{
	archiveVersion = 1;
	classes = {
	};
	objectVersion = 46;
	objects = {

/* Begin PBXBuildFile section */
		631F77201D195925005D0F0C /* main.m in Sources */ = {isa = PBXBuildFile; fileRef = 631F771F1D195925005D0F0C /* main.m */; };
		631F77231D195925005D0F0C /* AppDelegate.m in Sources */ = {isa = PBXBuildFile; fileRef = 631F77221D195925005D0F0C /* AppDelegate.m */; };
		631F77261D195925005D0F0C /* ViewController.m in Sources */ = {isa = PBXBuildFile; fileRef = 631F77251D195925005D0F0C /* ViewController.m */; };
		631F77291D195925005D0F0C /* Main.storyboard in Resources */ = {isa = PBXBuildFile; fileRef = 631F77271D195925005D0F0C /* Main.storyboard */; };
		631F772B1D195925005D0F0C /* Assets.xcassets in Resources */ = {isa = PBXBuildFile; fileRef = 631F772A1D195925005D0F0C /* Assets.xcassets */; };
		631F772E1D195925005D0F0C /* LaunchScreen.storyboard in Resources */ = {isa = PBXBuildFile; fileRef = 631F772C1D195925005D0F0C /* LaunchScreen.storyboard */; };
		631F77391D195925005D0F0C /* testTests.m in Sources */ = {isa = PBXBuildFile; fileRef = 631F77381D195925005D0F0C /* testTests.m */; };
		631F77441D195925005D0F0C /* testUITests.m in Sources */ = {isa = PBXBuildFile; fileRef = 631F77431D195925005D0F0C /* testUITests.m */; };
/* End PBXBuildFile section */

/* Begin PBXContainerItemProxy section */
		631F77351D195925005D0F0C /* PBXContainerItemProxy */ = {
			isa = PBXContainerItemProxy;
			containerPortal = 631F77131D195925005D0F0C /* Project object */;
			proxyType = 1;
			remoteGlobalIDString = 631F771A1D195925005D0F0C;
			remoteInfo = test;
		};
		631F77401D195925005D0F0C /* PBXContainerItemProxy */ = {
			isa = PBXContainerItemProxy;
			containerPortal = 631F77131D195925005D0F0C /* Project object */;
			proxyType = 1;
			remoteGlobalIDString = 631F771A1D195925005D0F0C;
			remoteInfo = test;
		};
/* End PBXContainerItemProxy section */

/* Begin PBXFileReference section */
		631F771B1D195925005D0F0C /* test.app */ = {isa = PBXFileReference; explicitFileType = wrapper.application; includeInIndex = 0; path = test.app; sourceTree = BUILT_PRODUCTS_DIR; };
		631F771F1D195925005D0F0C /* main.m */ = {isa = PBXFileReference; lastKnownFileType = sourcecode.c.objc; path = main.m; sourceTree = "<group>"; };
		631F77211D195925005D0F0C /* AppDelegate.h */ = {isa = PBXFileReference; lastKnownFileType = sourcecode.c.h; path = AppDelegate.h; sourceTree = "<group>"; };
		631F77221D195925005D0F0C /* AppDelegate.m */ = {isa = PBXFileReference; lastKnownFileType = sourcecode.c.objc; path = AppDelegate.m; sourceTree = "<group>"; };
		631F77241D195925005D0F0C /* ViewController.h */ = {isa = PBXFileReference; lastKnownFileType = sourcecode.c.h; path = ViewController.h; sourceTree = "<group>"; };
		631F77251D195925005D0F0C /* ViewController.m */ = {isa = PBXFileReference; lastKnownFileType = sourcecode.c.objc; path = ViewController.m; sourceTree = "<group>"; };
		631F77281D195925005D0F0C /* Base */ = {isa = PBXFileReference; lastKnownFileType = file.storyboard; name = Base; path = Base.lproj/Main.storyboard; sourceTree = "<group>"; };
		631F772A1D195925005D0F0C /* Assets.xcassets */ = {isa = PBXFileReference; lastKnownFileType = folder.assetcatalog; path = Assets.xcassets; sourceTree = "<group>"; };
		631F772D1D195925005D0F0C /* Base */ = {isa = PBXFileReference; lastKnownFileType = file.storyboard; name = Base; path = Base.lproj/LaunchScreen.storyboard; sourceTree = "<group>"; };
		631F772F1D195925005D0F0C /* Info.plist */ = {isa = PBXFileReference; lastKnownFileType = text.plist.xml; path = Info.plist; sourceTree = "<group>"; };
		631F77341D195925005D0F0C /* testTests.xctest */ = {isa = PBXFileReference; explicitFileType = wrapper.cfbundle; includeInIndex = 0; path = testTests.xctest; sourceTree = BUILT_PRODUCTS_DIR; };
		631F77381D195925005D0F0C /* testTests.m */ = {isa = PBXFileReference; lastKnownFileType = sourcecode.c.objc; path = testTests.m; sourceTree = "<group>"; };
		631F773A1D195925005D0F0C /* Info.plist */ = {isa = PBXFileReference; lastKnownFileType = text.plist.xml; path = Info.plist; sourceTree = "<group>"; };
		631F773F1D195925005D0F0C /* testUITests.xctest */ = {isa = PBXFileReference; explicitFileType = wrapper.cfbundle; includeInIndex = 0; path = testUITests.xctest; sourceTree = BUILT_PRODUCTS_DIR; };
		631F77431D195925005D0F0C /* testUITests.m */ = {isa = PBXFileReference; lastKnownFileType = sourcecode.c.objc; path = testUITests.m; sourceTree = "<group>"; };
		631F77451D195925005D0F0C /* Info.plist */ = {isa = PBXFileReference; lastKnownFileType = text.plist.xml; path = Info.plist; sourceTree = "<group>"; };
/* End PBXFileReference section */

/* Begin PBXFrameworksBuildPhase section */
		631F77181D195925005D0F0C /* Frameworks */ = {
			isa = PBXFrameworksBuildPhase;
			buildActionMask = 2147483647;
			files = (
			);
			runOnlyForDeploymentPostprocessing = 0;
		};
		631F77311D195925005D0F0C /* Frameworks */ = {
			isa = PBXFrameworksBuildPhase;
			buildActionMask = 2147483647;
			files = (
			);
			runOnlyForDeploymentPostprocessing = 0;
		};
		631F773C1D195925005D0F0C /* Frameworks */ = {
			isa = PBXFrameworksBuildPhase;
			buildActionMask = 2147483647;
			files = (
			);
			runOnlyForDeploymentPostprocessing = 0;
		};
/* End PBXFrameworksBuildPhase section */

/* Begin PBXGroup section */
		631F77121D195925005D0F0C = {
			isa = PBXGroup;
			children = (
				631F771D1D195925005D0F0C /* test */,
				631F77371D195925005D0F0C /* testTests */,
				631F77421D195925005D0F0C /* testUITests */,
				631F771C1D195925005D0F0C /* Products */,
			);
			sourceTree = "<group>";
		};
		631F771C1D195925005D0F0C /* Products */ = {
			isa = PBXGroup;
			children = (
				631F771B1D195925005D0F0C /* test.app */,
				631F77341D195925005D0F0C /* testTests.xctest */,
				631F773F1D195925005D0F0C /* testUITests.xctest */,
			);
			name = Products;
			sourceTree = "<group>";
		};
		631F771D1D195925005D0F0C /* test */ = {
			isa = PBXGroup;
			children = (
				631F77211D195925005D0F0C /* AppDelegate.h */,
				631F77221D195925005D0F0C /* AppDelegate.m */,
				631F77241D195925005D0F0C /* ViewController.h */,
				631F77251D195925005D0F0C /* ViewController.m */,
				631F77271D195925005D0F0C /* Main.storyboard */,
				631F772A1D195925005D0F0C /* Assets.xcassets */,
				631F772C1D195925005D0F0C /* LaunchScreen.storyboard */,
				631F772F1D195925005D0F0C /* Info.plist */,
				631F771E1D195925005D0F0C /* Supporting Files */,
			);
			path = test;
			sourceTree = "<group>";
		};
		631F771E1D195925005D0F0C /* Supporting Files */ = {
			isa = PBXGroup;
			children = (
				631F771F1D195925005D0F0C /* main.m */,
			);
			name = "Supporting Files";
			sourceTree = "<group>";
		};
		631F77371D195925005D0F0C /* testTests */ = {
			isa = PBXGroup;
			children = (
				631F77381D195925005D0F0C /* testTests.m */,
				631F773A1D195925005D0F0C /* Info.plist */,
			);
			path = testTests;
			sourceTree = "<group>";
		};
		631F77421D195925005D0F0C /* testUITests */ = {
			isa = PBXGroup;
			children = (
				631F77431D195925005D0F0C /* testUITests.m */,
				631F77451D195925005D0F0C /* Info.plist */,
			);
			path = testUITests;
			sourceTree = "<group>";
		};
/* End PBXGroup section */

/* Begin PBXNativeTarget section */
		631F771A1D195925005D0F0C /* test */ = {
			isa = PBXNativeTarget;
			buildConfigurationList = 631F77481D195925005D0F0C /* Build configuration list for PBXNativeTarget "test" */;
			buildPhases = (
				631F77171D195925005D0F0C /* Sources */,
				631F77181D195925005D0F0C /* Frameworks */,
				631F77191D195925005D0F0C /* Resources */,
			);
			buildRules = (
			);
			dependencies = (
			);
			name = test;
			productName = test;
			productReference = 631F771B1D195925005D0F0C /* test.app */;
			productType = "com.apple.product-type.application";
		};
		631F77331D195925005D0F0C /* testTests */ = {
			isa = PBXNativeTarget;
			buildConfigurationList = 631F774B1D195925005D0F0C /* Build configuration list for PBXNativeTarget "testTests" */;
			buildPhases = (
				631F77301D195925005D0F0C /* Sources */,
				631F77311D195925005D0F0C /* Frameworks */,
				631F77321D195925005D0F0C /* Resources */,
			);
			buildRules = (
			);
			dependencies = (
				631F77361D195925005D0F0C /* PBXTargetDependency */,
			);
			name = testTests;
			productName = testTests;
			productReference = 631F77341D195925005D0F0C /* testTests.xctest */;
			productType = "com.apple.product-type.bundle.unit-test";
		};
		631F773E1D195925005D0F0C /* testUITests */ = {
			isa = PBXNativeTarget;
			buildConfigurationList = 631F774E1D195925005D0F0C /* Build configuration list for PBXNativeTarget "testUITests" */;
			buildPhases = (
				631F773B1D195925005D0F0C /* Sources */,
				631F773C1D195925005D0F0C /* Frameworks */,
				631F773D1D195925005D0F0C /* Resources */,
			);
			buildRules = (
			);
			dependencies = (
				631F77411D195925005D0F0C /* PBXTargetDependency */,
			);
			name = testUITests;
			productName = testUITests;
			productReference = 631F773F1D195925005D0F0C /* testUITests.xctest */;
			productType = "com.apple.product-type.bundle.ui-testing";
		};
/* End PBXNativeTarget section */

/* Begin PBXProject section */
		631F77131D195925005D0F0C /* Project object */ = {
			isa = PBXProject;
			attributes = {
				LastUpgradeCheck = 0730;
				ORGANIZATIONNAME = 1;
				TargetAttributes = {
					631F771A1D195925005D0F0C = {
						CreatedOnToolsVersion = 7.3.1;
					};
					631F77331D195925005D0F0C = {
						CreatedOnToolsVersion = 7.3.1;
						TestTargetID = 631F771A1D195925005D0F0C;
					};
					631F773E1D195925005D0F0C = {
						CreatedOnToolsVersion = 7.3.1;
						TestTargetID = 631F771A1D195925005D0F0C;
					};
				};
			};
			buildConfigurationList = 631F77161D195925005D0F0C /* Build configuration list for PBXProject "test" */;
			compatibilityVersion = "Xcode 3.2";
			developmentRegion = English;
			hasScannedForEncodings = 0;
			knownRegions = (
				en,
				Base,
			);
			mainGroup = 631F77121D195925005D0F0C;
			productRefGroup = 631F771C1D195925005D0F0C /* Products */;
			projectDirPath = "";
			projectRoot = "";
			targets = (
				631F771A1D195925005D0F0C /* test */,
				631F77331D195925005D0F0C /* testTests */,
				631F773E1D195925005D0F0C /* testUITests */,
			);
		};
/* End PBXProject section */

/* Begin PBXResourcesBuildPhase section */
		631F77191D195925005D0F0C /* Resources */ = {
			isa = PBXResourcesBuildPhase;
			buildActionMask = 2147483647;
			files = (
				631F772E1D195925005D0F0C /* LaunchScreen.storyboard in Resources */,
				631F772B1D195925005D0F0C /* Assets.xcassets in Resources */,
				631F77291D195925005D0F0C /* Main.storyboard in Resources */,
			);
			runOnlyForDeploymentPostprocessing = 0;
		};
		631F77321D195925005D0F0C /* Resources */ = {
			isa = PBXResourcesBuildPhase;
			buildActionMask = 2147483647;
			files = (
			);
			runOnlyForDeploymentPostprocessing = 0;
		};
		631F773D1D195925005D0F0C /* Resources */ = {
			isa = PBXResourcesBuildPhase;
			buildActionMask = 2147483647;
			files = (
			);
			runOnlyForDeploymentPostprocessing = 0;
		};
/* End PBXResourcesBuildPhase section */

/* Begin PBXSourcesBuildPhase section */
		631F77171D195925005D0F0C /* Sources */ = {
			isa = PBXSourcesBuildPhase;
			buildActionMask = 2147483647;
			files = (
				631F77261D195925005D0F0C /* ViewController.m in Sources */,
				631F77231D195925005D0F0C /* AppDelegate.m in Sources */,
				631F77201D195925005D0F0C /* main.m in Sources */,
			);
			runOnlyForDeploymentPostprocessing = 0;
		};
		631F77301D195925005D0F0C /* Sources */ = {
			isa = PBXSourcesBuildPhase;
			buildActionMask = 2147483647;
			files = (
				631F77391D195925005D0F0C /* testTests.m in Sources */,
			);
			runOnlyForDeploymentPostprocessing = 0;
		};
		631F773B1D195925005D0F0C /* Sources */ = {
			isa = PBXSourcesBuildPhase;
			buildActionMask = 2147483647;
			files = (
				631F77441D195925005D0F0C /* testUITests.m in Sources */,
			);
			runOnlyForDeploymentPostprocessing = 0;
		};
/* End PBXSourcesBuildPhase section */

/* Begin PBXTargetDependency section */
		631F77361D195925005D0F0C /* PBXTargetDependency */ = {
			isa = PBXTargetDependency;
			target = 631F771A1D195925005D0F0C /* test */;
			targetProxy = 631F77351D195925005D0F0C /* PBXContainerItemProxy */;
		};
		631F77411D195925005D0F0C /* PBXTargetDependency */ = {
			isa = PBXTargetDependency;
			target = 631F771A1D195925005D0F0C /* test */;
			targetProxy = 631F77401D195925005D0F0C /* PBXContainerItemProxy */;
		};
/* End PBXTargetDependency section */

/* Begin PBXVariantGroup section */
		631F77271D195925005D0F0C /* Main.storyboard */ = {
			isa = PBXVariantGroup;
			children = (
				631F77281D195925005D0F0C /* Base */,
			);
			name = Main.storyboard;
			sourceTree = "<group>";
		};
		631F772C1D195925005D0F0C /* LaunchScreen.storyboard */ = {
			isa = PBXVariantGroup;
			children = (
				631F772D1D195925005D0F0C /* Base */,
			);
			name = LaunchScreen.storyboard;
			sourceTree = "<group>";
		};
/* End PBXVariantGroup section */

/* Begin XCBuildConfiguration section */
		631F77461D195925005D0F0C /* Debug */ = {
			isa = XCBuildConfiguration;
			buildSettings = {
				ALWAYS_SEARCH_USER_PATHS = NO;
				CLANG_ANALYZER_NONNULL = YES;
				CLANG_CXX_LANGUAGE_STANDARD = "gnu++0x";
				CLANG_CXX_LIBRARY = "libc++";
				CLANG_ENABLE_MODULES = YES;
				CLANG_ENABLE_OBJC_ARC = YES;
				CLANG_WARN_BOOL_CONVERSION = YES;
				CLANG_WARN_CONSTANT_CONVERSION = YES;
				CLANG_WARN_DIRECT_OBJC_ISA_USAGE = YES_ERROR;
				CLANG_WARN_EMPTY_BODY = YES;
				CLANG_WARN_ENUM_CONVERSION = YES;
				CLANG_WARN_INT_CONVERSION = YES;
				CLANG_WARN_OBJC_ROOT_CLASS = YES_ERROR;
				CLANG_WARN_UNREACHABLE_CODE = YES;
				CLANG_WARN__DUPLICATE_METHOD_MATCH = YES;
				"CODE_SIGN_IDENTITY[sdk=iphoneos*]" = "iPhone Developer";
				COPY_PHASE_STRIP = NO;
				DEBUG_INFORMATION_FORMAT = dwarf;
				ENABLE_STRICT_OBJC_MSGSEND = YES;
				ENABLE_TESTABILITY = YES;
				GCC_C_LANGUAGE_STANDARD = gnu99;
				GCC_DYNAMIC_NO_PIC = NO;
				GCC_NO_COMMON_BLOCKS = YES;
				GCC_OPTIMIZATION_LEVEL = 0;
				GCC_PREPROCESSOR_DEFINITIONS = (
					"DEBUG=1",
					"$(inherited)",
				);
				GCC_WARN_64_TO_32_BIT_CONVERSION = YES;
				GCC_WARN_ABOUT_RETURN_TYPE = YES_ERROR;
				GCC_WARN_UNDECLARED_SELECTOR = YES;
				GCC_WARN_UNINITIALIZED_AUTOS = YES_AGGRESSIVE;
				GCC_WARN_UNUSED_FUNCTION = YES;
				GCC_WARN_UNUSED_VARIABLE = YES;
				IPHONEOS_DEPLOYMENT_TARGET = 9.3;
				MTL_ENABLE_DEBUG_INFO = YES;
				ONLY_ACTIVE_ARCH = YES;
				SDKROOT = iphoneos;
				TARGETED_DEVICE_FAMILY = "1,2";
			};
			name = Debug;
		};
		631F77471D195925005D0F0C /* Release */ = {
			isa = XCBuildConfiguration;
			buildSettings = {
				ALWAYS_SEARCH_USER_PATHS = NO;
				CLANG_ANALYZER_NONNULL = YES;
				CLANG_CXX_LANGUAGE_STANDARD = "gnu++0x";
				CLANG_CXX_LIBRARY = "libc++";
				CLANG_ENABLE_MODULES = YES;
				CLANG_ENABLE_OBJC_ARC = YES;
				CLANG_WARN_BOOL_CONVERSION = YES;
				CLANG_WARN_CONSTANT_CONVERSION = YES;
				CLANG_WARN_DIRECT_OBJC_ISA_USAGE = YES_ERROR;
				CLANG_WARN_EMPTY_BODY = YES;
				CLANG_WARN_ENUM_CONVERSION = YES;
				CLANG_WARN_INT_CONVERSION = YES;
				CLANG_WARN_OBJC_ROOT_CLASS = YES_ERROR;
				CLANG_WARN_UNREACHABLE_CODE = YES;
				CLANG_WARN__DUPLICATE_METHOD_MATCH = YES;
				"CODE_SIGN_IDENTITY[sdk=iphoneos*]" = "iPhone Developer";
				COPY_PHASE_STRIP = NO;
				DEBUG_INFORMATION_FORMAT = "dwarf-with-dsym";
				ENABLE_NS_ASSERTIONS = NO;
				ENABLE_STRICT_OBJC_MSGSEND = YES;
				GCC_C_LANGUAGE_STANDARD = gnu99;
				GCC_NO_COMMON_BLOCKS = YES;
				GCC_WARN_64_TO_32_BIT_CONVERSION = YES;
				GCC_WARN_ABOUT_RETURN_TYPE = YES_ERROR;
				GCC_WARN_UNDECLARED_SELECTOR = YES;
				GCC_WARN_UNINITIALIZED_AUTOS = YES_AGGRESSIVE;
				GCC_WARN_UNUSED_FUNCTION = YES;
				GCC_WARN_UNUSED_VARIABLE = YES;
				IPHONEOS_DEPLOYMENT_TARGET = 9.3;
				MTL_ENABLE_DEBUG_INFO = NO;
				SDKROOT = iphoneos;
				TARGETED_DEVICE_FAMILY = "1,2";
				VALIDATE_PRODUCT = YES;
			};
			name = Release;
		};
		631F77491D195925005D0F0C /* Debug */ = {
			isa = XCBuildConfiguration;
			buildSettings = {
				ASSETCATALOG_COMPILER_APPICON_NAME = AppIcon;
				INFOPLIST_FILE = test/Info.plist;
				LD_RUNPATH_SEARCH_PATHS = "$(inherited) @executable_path/Frameworks";
				PRODUCT_BUNDLE_IDENTIFIER = "-170056644-qq.com.test";
				PRODUCT_NAME = "$(TARGET_NAME)";
			};
			name = Debug;
		};
		631F774A1D195925005D0F0C /* Release */ = {
			isa = XCBuildConfiguration;
			buildSettings = {
				ASSETCATALOG_COMPILER_APPICON_NAME = AppIcon;
				INFOPLIST_FILE = test/Info.plist;
				LD_RUNPATH_SEARCH_PATHS = "$(inherited) @executable_path/Frameworks";
				PRODUCT_BUNDLE_IDENTIFIER = "-170056644-qq.com.test";
				PRODUCT_NAME = "$(TARGET_NAME)";
			};
			name = Release;
		};
		631F774C1D195925005D0F0C /* Debug */ = {
			isa = XCBuildConfiguration;
			buildSettings = {
				BUNDLE_LOADER = "$(TEST_HOST)";
				INFOPLIST_FILE = testTests/Info.plist;
				LD_RUNPATH_SEARCH_PATHS = "$(inherited) @executable_path/Frameworks @loader_path/Frameworks";
				PRODUCT_BUNDLE_IDENTIFIER = "-170056644-qq.com.testTests";
				PRODUCT_NAME = "$(TARGET_NAME)";
				TEST_HOST = "$(BUILT_PRODUCTS_DIR)/test.app/test";
			};
			name = Debug;
		};
		631F774D1D195925005D0F0C /* Release */ = {
			isa = XCBuildConfiguration;
			buildSettings = {
				BUNDLE_LOADER = "$(TEST_HOST)";
				INFOPLIST_FILE = testTests/Info.plist;
				LD_RUNPATH_SEARCH_PATHS = "$(inherited) @executable_path/Frameworks @loader_path/Frameworks";
				PRODUCT_BUNDLE_IDENTIFIER = "-170056644-qq.com.testTests";
				PRODUCT_NAME = "$(TARGET_NAME)";
				TEST_HOST = "$(BUILT_PRODUCTS_DIR)/test.app/test";
			};
			name = Release;
		};
		631F774F1D195925005D0F0C /* Debug */ = {
			isa = XCBuildConfiguration;
			buildSettings = {
				INFOPLIST_FILE = testUITests/Info.plist;
				LD_RUNPATH_SEARCH_PATHS = "$(inherited) @executable_path/Frameworks @loader_path/Frameworks";
				PRODUCT_BUNDLE_IDENTIFIER = "-170056644-qq.com.testUITests";
				PRODUCT_NAME = "$(TARGET_NAME)";
				TEST_TARGET_NAME = test;
			};
			name = Debug;
		};
		631F77501D195925005D0F0C /* Release */ = {
			isa = XCBuildConfiguration;
			buildSettings = {
				INFOPLIST_FILE = testUITests/Info.plist;
				LD_RUNPATH_SEARCH_PATHS = "$(inherited) @executable_path/Frameworks @loader_path/Frameworks";
				PRODUCT_BUNDLE_IDENTIFIER = "-170056644-qq.com.testUITests";
				PRODUCT_NAME = "$(TARGET_NAME)";
				TEST_TARGET_NAME = test;
			};
			name = Release;
		};
/* End XCBuildConfiguration section */

/* Begin XCConfigurationList section */
		631F77161D195925005D0F0C /* Build configuration list for PBXProject "test" */ = {
			isa = XCConfigurationList;
			buildConfigurations = (
				631F77461D195925005D0F0C /* Debug */,
				631F77471D195925005D0F0C /* Release */,
			);
			defaultConfigurationIsVisible = 0;
			defaultConfigurationName = Release;
		};
		631F77481D195925005D0F0C /* Build configuration list for PBXNativeTarget "test" */ = {
			isa = XCConfigurationList;
			buildConfigurations = (
				631F77491D195925005D0F0C /* Debug */,
				631F774A1D195925005D0F0C /* Release */,
			);
			defaultConfigurationIsVisible = 0;
		};
		631F774B1D195925005D0F0C /* Build configuration list for PBXNativeTarget "testTests" */ = {
			isa = XCConfigurationList;
			buildConfigurations = (
				631F774C1D195925005D0F0C /* Debug */,
				631F774D1D195925005D0F0C /* Release */,
			);
			defaultConfigurationIsVisible = 0;
		};
		631F774E1D195925005D0F0C /* Build configuration list for PBXNativeTarget "testUITests" */ = {
			isa = XCConfigurationList;
			buildConfigurations = (
				631F774F1D195925005D0F0C /* Debug */,
				631F77501D195925005D0F0C /* Release */,
			);
			defaultConfigurationIsVisible = 0;
		};
/* End XCConfigurationList section */
	};
	rootObject = 631F77131D195925005D0F0C /* Project object */;
}
